
Microsoft Visual Studio Solution File, Format Version 12.00
# Visual Studio 14
VisualStudioVersion = 14.0.25420.1
MinimumVisualStudioVersion = 10.0.40219.1
Project("{8BC9CEB8-8B4A-11D0-8D11-00A0C91BC942}") = "SharedPointer", "SharedPointer\SharedPointer.vcxproj", "{A5E45D31-A10D-4426-9805-AFACA55AD65F}"
EndProject
Project("{8BC9CEB8-8B4A-11D0-8D11-00A0C91BC942}") = "Mutex", "Mutex\Mutex.vcxproj", "{01828EBE-4636-44FD-8DC5-79667B10274F}"
EndProject
Project("{8BC9CEB8-8B4A-11D0-8D11-00A0C91BC942}") = "ConditionVariables", "ConditionVariables\ConditionVariables.vcxproj", "{B3EF2639-E700-48E8-9818-DED285804C27}"
EndProject
Project("{8BC9CEB8-8B4A-11D0-8D11-00A0C91BC942}") = "GuardedObjects", "GuardedObjects\GuardedObjects.vcxproj", "{612EAD28-CDC1-4D99-86B6-57904A116BFF}"
EndProject
Project("{8BC9CEB8-8B4A-11D0-8D11-00A0C91BC942}") = "ThreadSafeDataStructures", "ThreadSafeDataStructures\ThreadSafeDataStructures.vcxproj", "{D8DEB347-A0F5-4690-A75C-361F31A0E7CC}"
EndProject
Project("{8BC9CEB8-8B4A-11D0-8D11-00A0C91BC942}") = "Atomics", "Atomics\Atomics.vcxproj", "{4B3C31DE-384E-45DD-A646-1166A55618A2}"
EndProject
Project("{8BC9CEB8-8B4A-11D0-8D11-00A0C91BC942}") = "AtomicFlag", "AtomicFlag\AtomicFlag.vcxproj", "{CCC2E1A5-3A5E-4C0C-8948-CF6430506535}"
EndProject
Global
	GlobalSection(SolutionConfigurationPlatforms) = preSolution
		Debug|x64 = Debug|x64
		Debug|x86 = Debug|x86
		Release|x64 = Release|x64
		Release|x86 = Release|x86
	EndGlobalSection
	GlobalSection(ProjectConfigurationPlatforms) = postSolution
		{A5E45D31-A10D-4426-9805-AFACA55AD65F}.Debug|x64.ActiveCfg = Debug|x64
		{A5E45D31-A10D-4426-9805-AFACA55AD65F}.Debug|x64.Build.0 = Debug|x64
		{A5E45D31-A10D-4426-9805-AFACA55AD65F}.Debug|x86.ActiveCfg = Debug|Win32
		{A5E45D31-A10D-4426-9805-AFACA55AD65F}.Debug|x86.Build.0 = Debug|Win32
		{A5E45D31-A10D-4426-9805-AFACA55AD65F}.Release|x64.ActiveCfg = Release|x64
		{A5E45D31-A10D-4426-9805-AFACA55AD65F}.Release|x64.Build.0 = Release|x64
		{A5E45D31-A10D-4426-9805-AFACA55AD65F}.Release|x86.ActiveCfg = Release|Win32
		{A5E45D31-A10D-4426-9805-AFACA55AD65F}.Release|x86.Build.0 = Release|Win32
		{01828EBE-4636-44FD-8DC5-79667B10274F}.Debug|x64.ActiveCfg = Debug|x64
		{01828EBE-4636-44FD-8DC5-79667B10274F}.Debug|x64.Build.0 = Debug|x64
		{01828EBE-4636-44FD-8DC5-79667B10274F}.Debug|x86.ActiveCfg = Debug|Win32
		{01828EBE-4636-44FD-8DC5-79667B10274F}.Debug|x86.Build.0 = Debug|Win32
		{01828EBE-4636-44FD-8DC5-79667B10274F}.Release|x64.ActiveCfg = Release|x64
		{01828EBE-4636-44FD-8DC5-79667B10274F}.Release|x64.Build.0 = Release|x64
		{01828EBE-4636-44FD-8DC5-79667B10274F}.Release|x86.ActiveCfg = Release|Win32
		{01828EBE-4636-44FD-8DC5-79667B10274F}.Release|x86.Build.0 = Release|Win32
		{B3EF2639-E700-48E8-9818-DED285804C27}.Debug|x64.ActiveCfg = Debug|x64
		{B3EF2639-E700-48E8-9818-DED285804C27}.Debug|x64.Build.0 = Debug|x64
		{B3EF2639-E700-48E8-9818-DED285804C27}.Debug|x86.ActiveCfg = Debug|Win32
		{B3EF2639-E700-48E8-9818-DED285804C27}.Debug|x86.Build.0 = Debug|Win32
		{B3EF2639-E700-48E8-9818-DED285804C27}.Release|x64.ActiveCfg = Release|x64
		{B3EF2639-E700-48E8-9818-DED285804C27}.Release|x64.Build.0 = Release|x64
		{B3EF2639-E700-48E8-9818-DED285804C27}.Release|x86.ActiveCfg = Release|Win32
		{B3EF2639-E700-48E8-9818-DED285804C27}.Release|x86.Build.0 = Release|Win32
		{612EAD28-CDC1-4D99-86B6-57904A116BFF}.Debug|x64.ActiveCfg = Debug|x64
		{612EAD28-CDC1-4D99-86B6-57904A116BFF}.Debug|x64.Build.0 = Debug|x64
		{612EAD28-CDC1-4D99-86B6-57904A116BFF}.Debug|x86.ActiveCfg = Debug|Win32
		{612EAD28-CDC1-4D99-86B6-57904A116BFF}.Debug|x86.Build.0 = Debug|Win32
		{612EAD28-CDC1-4D99-86B6-57904A116BFF}.Release|x64.ActiveCfg = Release|x64
		{612EAD28-CDC1-4D99-86B6-57904A116BFF}.Release|x64.Build.0 = Release|x64
		{612EAD28-CDC1-4D99-86B6-57904A116BFF}.Release|x86.ActiveCfg = Release|Win32
		{612EAD28-CDC1-4D99-86B6-57904A116BFF}.Release|x86.Build.0 = Release|Win32
		{D8DEB347-A0F5-4690-A75C-361F31A0E7CC}.Debug|x64.ActiveCfg = Debug|x64
		{D8DEB347-A0F5-4690-A75C-361F31A0E7CC}.Debug|x64.Build.0 = Debug|x64
		{D8DEB347-A0F5-4690-A75C-361F31A0E7CC}.Debug|x86.ActiveCfg = Debug|Win32
		{D8DEB347-A0F5-4690-A75C-361F31A0E7CC}.Debug|x86.Build.0 = Debug|Win32
		{D8DEB347-A0F5-4690-A75C-361F31A0E7CC}.Release|x64.ActiveCfg = Release|x64
		{D8DEB347-A0F5-4690-A75C-361F31A0E7CC}.Release|x64.Build.0 = Release|x64
		{D8DEB347-A0F5-4690-A75C-361F31A0E7CC}.Release|x86.ActiveCfg = Release|Win32
		{D8DEB347-A0F5-4690-A75C-361F31A0E7CC}.Release|x86.Build.0 = Release|Win32
		{4B3C31DE-384E-45DD-A646-1166A55618A2}.Debug|x64.ActiveCfg = Debug|x64
		{4B3C31DE-384E-45DD-A646-1166A55618A2}.Debug|x64.Build.0 = Debug|x64
		{4B3C31DE-384E-45DD-A646-1166A55618A2}.Debug|x86.ActiveCfg = Debug|Win32
		{4B3C31DE-384E-45DD-A646-1166A55618A2}.Debug|x86.Build.0 = Debug|Win32
		{4B3C31DE-384E-45DD-A646-1166A55618A2}.Release|x64.ActiveCfg = Release|x64
		{4B3C31DE-384E-45DD-A646-1166A55618A2}.Release|x64.Build.0 = Release|x64
		{4B3C31DE-384E-45DD-A646-1166A55618A2}.Release|x86.ActiveCfg = Release|Win32
		{4B3C31DE-384E-45DD-A646-1166A55618A2}.Release|x86.Build.0 = Release|Win32
		{CCC2E1A5-3A5E-4C0C-8948-CF6430506535}.Debug|x64.ActiveCfg = Debug|x64
		{CCC2E1A5-3A5E-4C0C-8948-CF6430506535}.Debug|x64.Build.0 = Debug|x64
		{CCC2E1A5-3A5E-4C0C-8948-CF6430506535}.Debug|x86.ActiveCfg = Debug|Win32
		{CCC2E1A5-3A5E-4C0C-8948-CF6430506535}.Debug|x86.Build.0 = Debug|Win32
		{CCC2E1A5-3A5E-4C0C-8948-CF6430506535}.Release|x64.ActiveCfg = Release|x64
		{CCC2E1A5-3A5E-4C0C-8948-CF6430506535}.Release|x64.Build.0 = Release|x64
		{CCC2E1A5-3A5E-4C0C-8948-CF6430506535}.Release|x86.ActiveCfg = Release|Win32
		{CCC2E1A5-3A5E-4C0C-8948-CF6430506535}.Release|x86.Build.0 = Release|Win32
	EndGlobalSection
	GlobalSection(SolutionProperties) = preSolution
		HideSolutionNode = FALSE
	EndGlobalSection
	GlobalSection(ExtensibilityGlobals) = postSolution
		SolutionGuid = {5C624B64-ECDD-47FA-A17C-8D959F2E1CF9}
	EndGlobalSection
EndGlobal
