
Microsoft Visual Studio Solution File, Format Version 12.00
# Visual Studio 14
VisualStudioVersion = 14.0.25420.1
MinimumVisualStudioVersion = 10.0.40219.1
Project("{8BC9CEB8-8B4A-11D0-8D11-00A0C91BC942}") = "RayTracerUnchanged", "RayTracerUnchanged\RayTracerUnchanged.vcxproj", "{6157004D-4D65-4EA3-A44A-8A8EE1585737}"
EndProject
Project("{8BC9CEB8-8B4A-11D0-8D11-00A0C91BC942}") = "Raytracer", "Raytracer\Raytracer.vcxproj", "{43D56C0F-25B6-4C30-83D0-0D7673F04891}"
EndProject
Global
	GlobalSection(SolutionConfigurationPlatforms) = preSolution
		Debug|x64 = Debug|x64
		Debug|x86 = Debug|x86
		Release|x64 = Release|x64
		Release|x86 = Release|x86
	EndGlobalSection
	GlobalSection(ProjectConfigurationPlatforms) = postSolution
		{6157004D-4D65-4EA3-A44A-8A8EE1585737}.Debug|x64.ActiveCfg = Debug|x64
		{6157004D-4D65-4EA3-A44A-8A8EE1585737}.Debug|x64.Build.0 = Debug|x64
		{6157004D-4D65-4EA3-A44A-8A8EE1585737}.Debug|x86.ActiveCfg = Debug|Win32
		{6157004D-4D65-4EA3-A44A-8A8EE1585737}.Debug|x86.Build.0 = Debug|Win32
		{6157004D-4D65-4EA3-A44A-8A8EE1585737}.Release|x64.ActiveCfg = Release|x64
		{6157004D-4D65-4EA3-A44A-8A8EE1585737}.Release|x64.Build.0 = Release|x64
		{6157004D-4D65-4EA3-A44A-8A8EE1585737}.Release|x86.ActiveCfg = Release|Win32
		{6157004D-4D65-4EA3-A44A-8A8EE1585737}.Release|x86.Build.0 = Release|Win32
		{43D56C0F-25B6-4C30-83D0-0D7673F04891}.Debug|x64.ActiveCfg = Debug|x64
		{43D56C0F-25B6-4C30-83D0-0D7673F04891}.Debug|x64.Build.0 = Debug|x64
		{43D56C0F-25B6-4C30-83D0-0D7673F04891}.Debug|x86.ActiveCfg = Debug|Win32
		{43D56C0F-25B6-4C30-83D0-0D7673F04891}.Debug|x86.Build.0 = Debug|Win32
		{43D56C0F-25B6-4C30-83D0-0D7673F04891}.Release|x64.ActiveCfg = Release|x64
		{43D56C0F-25B6-4C30-83D0-0D7673F04891}.Release|x64.Build.0 = Release|x64
		{43D56C0F-25B6-4C30-83D0-0D7673F04891}.Release|x86.ActiveCfg = Release|Win32
		{43D56C0F-25B6-4C30-83D0-0D7673F04891}.Release|x86.Build.0 = Release|Win32
	EndGlobalSection
	GlobalSection(SolutionProperties) = preSolution
		HideSolutionNode = FALSE
	EndGlobalSection
	GlobalSection(ExtensibilityGlobals) = postSolution
		SolutionGuid = {2FF254F4-746C-4024-9BC0-4C97F35CE2D7}
	EndGlobalSection
EndGlobal
