
Microsoft Visual Studio Solution File, Format Version 12.00
# Visual Studio 14
VisualStudioVersion = 14.0.25420.1
MinimumVisualStudioVersion = 10.0.40219.1
Project("{8BC9CEB8-8B4A-11D0-8D11-00A0C91BC942}") = "test", "test\test.vcxproj", "{B5DEC854-AEA0-4C20-A75D-EC7EA2E2B9FE}"
EndProject
Project("{8BC9CEB8-8B4A-11D0-8D11-00A0C91BC942}") = "RaytracerVeclib", "RaytracerVeclib\RaytracerVeclib.vcxproj", "{1C465E2F-7548-4F9A-A632-15EB520A6E2B}"
EndProject
Project("{8BC9CEB8-8B4A-11D0-8D11-00A0C91BC942}") = "Raytracer", "Raytracer\Raytracer.vcxproj", "{34B13A8C-F89C-4A04-89C2-9063BAA79348}"
EndProject
Project("{8BC9CEB8-8B4A-11D0-8D11-00A0C91BC942}") = "RayTracerUnchanged", "RayTracerUnchanged\RayTracerUnchanged.vcxproj", "{DB8F265C-EE26-43EF-8E47-8467F40AA6E9}"
EndProject
Project("{8BC9CEB8-8B4A-11D0-8D11-00A0C91BC942}") = "RaytracerSequential", "RaytracerSequential\RaytracerSequential.vcxproj", "{0B3DE3B6-A9E2-4513-9092-840B2076C0C7}"
EndProject
Project("{8BC9CEB8-8B4A-11D0-8D11-00A0C91BC942}") = "RaytracerOMP", "RaytracerOMP\RaytracerOMP.vcxproj", "{9C091B10-CA40-4E40-A557-9908327B89AF}"
EndProject
Project("{8BC9CEB8-8B4A-11D0-8D11-00A0C91BC942}") = "RaytracerSIMD", "RaytracerSIMD\RaytracerSIMD.vcxproj", "{784E5D8C-7BF2-496F-929E-0E14575F587E}"
EndProject
Global
	GlobalSection(SolutionConfigurationPlatforms) = preSolution
		Debug|x64 = Debug|x64
		Debug|x86 = Debug|x86
		Release|x64 = Release|x64
		Release|x86 = Release|x86
	EndGlobalSection
	GlobalSection(ProjectConfigurationPlatforms) = postSolution
		{B5DEC854-AEA0-4C20-A75D-EC7EA2E2B9FE}.Debug|x64.ActiveCfg = Debug|x64
		{B5DEC854-AEA0-4C20-A75D-EC7EA2E2B9FE}.Debug|x64.Build.0 = Debug|x64
		{B5DEC854-AEA0-4C20-A75D-EC7EA2E2B9FE}.Debug|x86.ActiveCfg = Debug|Win32
		{B5DEC854-AEA0-4C20-A75D-EC7EA2E2B9FE}.Debug|x86.Build.0 = Debug|Win32
		{B5DEC854-AEA0-4C20-A75D-EC7EA2E2B9FE}.Release|x64.ActiveCfg = Release|x64
		{B5DEC854-AEA0-4C20-A75D-EC7EA2E2B9FE}.Release|x64.Build.0 = Release|x64
		{B5DEC854-AEA0-4C20-A75D-EC7EA2E2B9FE}.Release|x86.ActiveCfg = Release|Win32
		{B5DEC854-AEA0-4C20-A75D-EC7EA2E2B9FE}.Release|x86.Build.0 = Release|Win32
		{1C465E2F-7548-4F9A-A632-15EB520A6E2B}.Debug|x64.ActiveCfg = Debug|x64
		{1C465E2F-7548-4F9A-A632-15EB520A6E2B}.Debug|x64.Build.0 = Debug|x64
		{1C465E2F-7548-4F9A-A632-15EB520A6E2B}.Debug|x86.ActiveCfg = Debug|Win32
		{1C465E2F-7548-4F9A-A632-15EB520A6E2B}.Debug|x86.Build.0 = Debug|Win32
		{1C465E2F-7548-4F9A-A632-15EB520A6E2B}.Release|x64.ActiveCfg = Release|x64
		{1C465E2F-7548-4F9A-A632-15EB520A6E2B}.Release|x64.Build.0 = Release|x64
		{1C465E2F-7548-4F9A-A632-15EB520A6E2B}.Release|x86.ActiveCfg = Release|Win32
		{1C465E2F-7548-4F9A-A632-15EB520A6E2B}.Release|x86.Build.0 = Release|Win32
		{34B13A8C-F89C-4A04-89C2-9063BAA79348}.Debug|x64.ActiveCfg = Debug|x64
		{34B13A8C-F89C-4A04-89C2-9063BAA79348}.Debug|x64.Build.0 = Debug|x64
		{34B13A8C-F89C-4A04-89C2-9063BAA79348}.Debug|x86.ActiveCfg = Debug|Win32
		{34B13A8C-F89C-4A04-89C2-9063BAA79348}.Debug|x86.Build.0 = Debug|Win32
		{34B13A8C-F89C-4A04-89C2-9063BAA79348}.Release|x64.ActiveCfg = Release|x64
		{34B13A8C-F89C-4A04-89C2-9063BAA79348}.Release|x64.Build.0 = Release|x64
		{34B13A8C-F89C-4A04-89C2-9063BAA79348}.Release|x86.ActiveCfg = Release|Win32
		{34B13A8C-F89C-4A04-89C2-9063BAA79348}.Release|x86.Build.0 = Release|Win32
		{DB8F265C-EE26-43EF-8E47-8467F40AA6E9}.Debug|x64.ActiveCfg = Debug|x64
		{DB8F265C-EE26-43EF-8E47-8467F40AA6E9}.Debug|x64.Build.0 = Debug|x64
		{DB8F265C-EE26-43EF-8E47-8467F40AA6E9}.Debug|x86.ActiveCfg = Debug|Win32
		{DB8F265C-EE26-43EF-8E47-8467F40AA6E9}.Debug|x86.Build.0 = Debug|Win32
		{DB8F265C-EE26-43EF-8E47-8467F40AA6E9}.Release|x64.ActiveCfg = Release|x64
		{DB8F265C-EE26-43EF-8E47-8467F40AA6E9}.Release|x64.Build.0 = Release|x64
		{DB8F265C-EE26-43EF-8E47-8467F40AA6E9}.Release|x86.ActiveCfg = Release|Win32
		{DB8F265C-EE26-43EF-8E47-8467F40AA6E9}.Release|x86.Build.0 = Release|Win32
		{0B3DE3B6-A9E2-4513-9092-840B2076C0C7}.Debug|x64.ActiveCfg = Debug|x64
		{0B3DE3B6-A9E2-4513-9092-840B2076C0C7}.Debug|x64.Build.0 = Debug|x64
		{0B3DE3B6-A9E2-4513-9092-840B2076C0C7}.Debug|x86.ActiveCfg = Debug|Win32
		{0B3DE3B6-A9E2-4513-9092-840B2076C0C7}.Debug|x86.Build.0 = Debug|Win32
		{0B3DE3B6-A9E2-4513-9092-840B2076C0C7}.Release|x64.ActiveCfg = Release|x64
		{0B3DE3B6-A9E2-4513-9092-840B2076C0C7}.Release|x64.Build.0 = Release|x64
		{0B3DE3B6-A9E2-4513-9092-840B2076C0C7}.Release|x86.ActiveCfg = Release|Win32
		{0B3DE3B6-A9E2-4513-9092-840B2076C0C7}.Release|x86.Build.0 = Release|Win32
		{9C091B10-CA40-4E40-A557-9908327B89AF}.Debug|x64.ActiveCfg = Debug|x64
		{9C091B10-CA40-4E40-A557-9908327B89AF}.Debug|x64.Build.0 = Debug|x64
		{9C091B10-CA40-4E40-A557-9908327B89AF}.Debug|x86.ActiveCfg = Debug|Win32
		{9C091B10-CA40-4E40-A557-9908327B89AF}.Debug|x86.Build.0 = Debug|Win32
		{9C091B10-CA40-4E40-A557-9908327B89AF}.Release|x64.ActiveCfg = Release|x64
		{9C091B10-CA40-4E40-A557-9908327B89AF}.Release|x64.Build.0 = Release|x64
		{9C091B10-CA40-4E40-A557-9908327B89AF}.Release|x86.ActiveCfg = Release|Win32
		{9C091B10-CA40-4E40-A557-9908327B89AF}.Release|x86.Build.0 = Release|Win32
		{784E5D8C-7BF2-496F-929E-0E14575F587E}.Debug|x64.ActiveCfg = Debug|x64
		{784E5D8C-7BF2-496F-929E-0E14575F587E}.Debug|x64.Build.0 = Debug|x64
		{784E5D8C-7BF2-496F-929E-0E14575F587E}.Debug|x86.ActiveCfg = Debug|Win32
		{784E5D8C-7BF2-496F-929E-0E14575F587E}.Debug|x86.Build.0 = Debug|Win32
		{784E5D8C-7BF2-496F-929E-0E14575F587E}.Release|x64.ActiveCfg = Release|x64
		{784E5D8C-7BF2-496F-929E-0E14575F587E}.Release|x64.Build.0 = Release|x64
		{784E5D8C-7BF2-496F-929E-0E14575F587E}.Release|x86.ActiveCfg = Release|Win32
		{784E5D8C-7BF2-496F-929E-0E14575F587E}.Release|x86.Build.0 = Release|Win32
	EndGlobalSection
	GlobalSection(SolutionProperties) = preSolution
		HideSolutionNode = FALSE
	EndGlobalSection
	GlobalSection(ExtensibilityGlobals) = postSolution
		SolutionGuid = {2FF254F4-746C-4024-9BC0-4C97F35CE2D7}
	EndGlobalSection
EndGlobal
