
Microsoft Visual Studio Solution File, Format Version 12.00
# Visual Studio 14
VisualStudioVersion = 14.0.25420.1
MinimumVisualStudioVersion = 10.0.40219.1
Project("{8BC9CEB8-8B4A-11D0-8D11-00A0C91BC942}") = "StartThread", "Chapter1\Chapter1.vcxproj", "{68C7AB92-2D6D-4C81-92E8-EA05C74017B6}"
EndProject
Project("{8BC9CEB8-8B4A-11D0-8D11-00A0C91BC942}") = "MultipleTasks", "MultipleTasks\MultipleTasks.vcxproj", "{E69FFFF9-1745-4CCA-BA4B-A11446FCC153}"
EndProject
Project("{8BC9CEB8-8B4A-11D0-8D11-00A0C91BC942}") = "ThreadParameters", "ThreadParameters\ThreadParameters.vcxproj", "{5AF18B16-8EAC-42D8-BD2E-8FC0577B8A32}"
EndProject
Project("{8BC9CEB8-8B4A-11D0-8D11-00A0C91BC942}") = "LambdaExpressions", "LambdaExpressions\LambdaExpressions.vcxproj", "{2FA9ED73-1866-4734-8372-99082F982C8B}"
EndProject
Project("{8BC9CEB8-8B4A-11D0-8D11-00A0C91BC942}") = "LamdaThreads", "LamdaThreads\LamdaThreads.vcxproj", "{594FD865-E6AE-47DD-8429-34315F4FE5B0}"
EndProject
Project("{8BC9CEB8-8B4A-11D0-8D11-00A0C91BC942}") = "GatheringData", "GatheringData\GatheringData.vcxproj", "{EA6E1F36-2F3E-4C37-8D2A-BC03F8E3E283}"
EndProject
Project("{8BC9CEB8-8B4A-11D0-8D11-00A0C91BC942}") = "MonteCarlo", "MonteCarlo\MonteCarlo.vcxproj", "{E0D6DE57-F97A-4781-8BAD-32FB4ABB4543}"
EndProject
Global
	GlobalSection(SolutionConfigurationPlatforms) = preSolution
		Debug|x64 = Debug|x64
		Debug|x86 = Debug|x86
		Release|x64 = Release|x64
		Release|x86 = Release|x86
	EndGlobalSection
	GlobalSection(ProjectConfigurationPlatforms) = postSolution
		{68C7AB92-2D6D-4C81-92E8-EA05C74017B6}.Debug|x64.ActiveCfg = Debug|x64
		{68C7AB92-2D6D-4C81-92E8-EA05C74017B6}.Debug|x64.Build.0 = Debug|x64
		{68C7AB92-2D6D-4C81-92E8-EA05C74017B6}.Debug|x86.ActiveCfg = Debug|Win32
		{68C7AB92-2D6D-4C81-92E8-EA05C74017B6}.Debug|x86.Build.0 = Debug|Win32
		{68C7AB92-2D6D-4C81-92E8-EA05C74017B6}.Release|x64.ActiveCfg = Release|x64
		{68C7AB92-2D6D-4C81-92E8-EA05C74017B6}.Release|x64.Build.0 = Release|x64
		{68C7AB92-2D6D-4C81-92E8-EA05C74017B6}.Release|x86.ActiveCfg = Release|Win32
		{68C7AB92-2D6D-4C81-92E8-EA05C74017B6}.Release|x86.Build.0 = Release|Win32
		{E69FFFF9-1745-4CCA-BA4B-A11446FCC153}.Debug|x64.ActiveCfg = Debug|x64
		{E69FFFF9-1745-4CCA-BA4B-A11446FCC153}.Debug|x64.Build.0 = Debug|x64
		{E69FFFF9-1745-4CCA-BA4B-A11446FCC153}.Debug|x86.ActiveCfg = Debug|Win32
		{E69FFFF9-1745-4CCA-BA4B-A11446FCC153}.Debug|x86.Build.0 = Debug|Win32
		{E69FFFF9-1745-4CCA-BA4B-A11446FCC153}.Release|x64.ActiveCfg = Release|x64
		{E69FFFF9-1745-4CCA-BA4B-A11446FCC153}.Release|x64.Build.0 = Release|x64
		{E69FFFF9-1745-4CCA-BA4B-A11446FCC153}.Release|x86.ActiveCfg = Release|Win32
		{E69FFFF9-1745-4CCA-BA4B-A11446FCC153}.Release|x86.Build.0 = Release|Win32
		{5AF18B16-8EAC-42D8-BD2E-8FC0577B8A32}.Debug|x64.ActiveCfg = Debug|x64
		{5AF18B16-8EAC-42D8-BD2E-8FC0577B8A32}.Debug|x64.Build.0 = Debug|x64
		{5AF18B16-8EAC-42D8-BD2E-8FC0577B8A32}.Debug|x86.ActiveCfg = Debug|Win32
		{5AF18B16-8EAC-42D8-BD2E-8FC0577B8A32}.Debug|x86.Build.0 = Debug|Win32
		{5AF18B16-8EAC-42D8-BD2E-8FC0577B8A32}.Release|x64.ActiveCfg = Release|x64
		{5AF18B16-8EAC-42D8-BD2E-8FC0577B8A32}.Release|x64.Build.0 = Release|x64
		{5AF18B16-8EAC-42D8-BD2E-8FC0577B8A32}.Release|x86.ActiveCfg = Release|Win32
		{5AF18B16-8EAC-42D8-BD2E-8FC0577B8A32}.Release|x86.Build.0 = Release|Win32
		{2FA9ED73-1866-4734-8372-99082F982C8B}.Debug|x64.ActiveCfg = Debug|x64
		{2FA9ED73-1866-4734-8372-99082F982C8B}.Debug|x64.Build.0 = Debug|x64
		{2FA9ED73-1866-4734-8372-99082F982C8B}.Debug|x86.ActiveCfg = Debug|Win32
		{2FA9ED73-1866-4734-8372-99082F982C8B}.Debug|x86.Build.0 = Debug|Win32
		{2FA9ED73-1866-4734-8372-99082F982C8B}.Release|x64.ActiveCfg = Release|x64
		{2FA9ED73-1866-4734-8372-99082F982C8B}.Release|x64.Build.0 = Release|x64
		{2FA9ED73-1866-4734-8372-99082F982C8B}.Release|x86.ActiveCfg = Release|Win32
		{2FA9ED73-1866-4734-8372-99082F982C8B}.Release|x86.Build.0 = Release|Win32
		{594FD865-E6AE-47DD-8429-34315F4FE5B0}.Debug|x64.ActiveCfg = Debug|x64
		{594FD865-E6AE-47DD-8429-34315F4FE5B0}.Debug|x64.Build.0 = Debug|x64
		{594FD865-E6AE-47DD-8429-34315F4FE5B0}.Debug|x86.ActiveCfg = Debug|Win32
		{594FD865-E6AE-47DD-8429-34315F4FE5B0}.Debug|x86.Build.0 = Debug|Win32
		{594FD865-E6AE-47DD-8429-34315F4FE5B0}.Release|x64.ActiveCfg = Release|x64
		{594FD865-E6AE-47DD-8429-34315F4FE5B0}.Release|x64.Build.0 = Release|x64
		{594FD865-E6AE-47DD-8429-34315F4FE5B0}.Release|x86.ActiveCfg = Release|Win32
		{594FD865-E6AE-47DD-8429-34315F4FE5B0}.Release|x86.Build.0 = Release|Win32
		{EA6E1F36-2F3E-4C37-8D2A-BC03F8E3E283}.Debug|x64.ActiveCfg = Debug|x64
		{EA6E1F36-2F3E-4C37-8D2A-BC03F8E3E283}.Debug|x64.Build.0 = Debug|x64
		{EA6E1F36-2F3E-4C37-8D2A-BC03F8E3E283}.Debug|x86.ActiveCfg = Debug|Win32
		{EA6E1F36-2F3E-4C37-8D2A-BC03F8E3E283}.Debug|x86.Build.0 = Debug|Win32
		{EA6E1F36-2F3E-4C37-8D2A-BC03F8E3E283}.Release|x64.ActiveCfg = Release|x64
		{EA6E1F36-2F3E-4C37-8D2A-BC03F8E3E283}.Release|x64.Build.0 = Release|x64
		{EA6E1F36-2F3E-4C37-8D2A-BC03F8E3E283}.Release|x86.ActiveCfg = Release|Win32
		{EA6E1F36-2F3E-4C37-8D2A-BC03F8E3E283}.Release|x86.Build.0 = Release|Win32
		{E0D6DE57-F97A-4781-8BAD-32FB4ABB4543}.Debug|x64.ActiveCfg = Debug|x64
		{E0D6DE57-F97A-4781-8BAD-32FB4ABB4543}.Debug|x64.Build.0 = Debug|x64
		{E0D6DE57-F97A-4781-8BAD-32FB4ABB4543}.Debug|x86.ActiveCfg = Debug|Win32
		{E0D6DE57-F97A-4781-8BAD-32FB4ABB4543}.Debug|x86.Build.0 = Debug|Win32
		{E0D6DE57-F97A-4781-8BAD-32FB4ABB4543}.Release|x64.ActiveCfg = Release|x64
		{E0D6DE57-F97A-4781-8BAD-32FB4ABB4543}.Release|x64.Build.0 = Release|x64
		{E0D6DE57-F97A-4781-8BAD-32FB4ABB4543}.Release|x86.ActiveCfg = Release|Win32
		{E0D6DE57-F97A-4781-8BAD-32FB4ABB4543}.Release|x86.Build.0 = Release|Win32
	EndGlobalSection
	GlobalSection(SolutionProperties) = preSolution
		HideSolutionNode = FALSE
	EndGlobalSection
	GlobalSection(ExtensibilityGlobals) = postSolution
		SolutionGuid = {965AC6E5-34B7-40BE-A0F4-D643E6636691}
	EndGlobalSection
EndGlobal
